
Microsoft Visual Studio Solution File, Format Version 12.00
# Visual Studio Version 16
VisualStudioVersion = 16.0.30309.148
MinimumVisualStudioVersion = 10.0.40219.1
Project("{FAE04EC0-301F-11D3-BF4B-00C04F79EFBC}") = "StandardCan", "StandardCan\StandardCan.csproj", "{5D62FCD5-5DA7-4ED6-9D01-30B453444A2E}"
EndProject
Project("{9A19103F-16F7-4668-BE54-9A1E7A4F7556}") = "StandardCanMobileAPI", "StandardCanMobileAPI\StandardCanMobileAPI.csproj", "{CDF65B17-3555-4539-B9FB-FD35CDF24517}"
EndProject
Global
	GlobalSection(SolutionConfigurationPlatforms) = preSolution
		Debug|Any CPU = Debug|Any CPU
		Release|Any CPU = Release|Any CPU
	EndGlobalSection
	GlobalSection(ProjectConfigurationPlatforms) = postSolution
		{5D62FCD5-5DA7-4ED6-9D01-30B453444A2E}.Debug|Any CPU.ActiveCfg = Debug|Any CPU
		{5D62FCD5-5DA7-4ED6-9D01-30B453444A2E}.Debug|Any CPU.Build.0 = Debug|Any CPU
		{5D62FCD5-5DA7-4ED6-9D01-30B453444A2E}.Release|Any CPU.ActiveCfg = Release|Any CPU
		{5D62FCD5-5DA7-4ED6-9D01-30B453444A2E}.Release|Any CPU.Build.0 = Release|Any CPU
		{CDF65B17-3555-4539-B9FB-FD35CDF24517}.Debug|Any CPU.ActiveCfg = Debug|Any CPU
		{CDF65B17-3555-4539-B9FB-FD35CDF24517}.Debug|Any CPU.Build.0 = Debug|Any CPU
		{CDF65B17-3555-4539-B9FB-FD35CDF24517}.Release|Any CPU.ActiveCfg = Release|Any CPU
		{CDF65B17-3555-4539-B9FB-FD35CDF24517}.Release|Any CPU.Build.0 = Release|Any CPU
	EndGlobalSection
	GlobalSection(SolutionProperties) = preSolution
		HideSolutionNode = FALSE
	EndGlobalSection
	GlobalSection(ExtensibilityGlobals) = postSolution
		SolutionGuid = {33E1660C-6A34-480F-B71C-AC625223A362}
	EndGlobalSection
EndGlobal
